
Microsoft Visual Studio Solution File, Format Version 12.00
# Visual Studio 15
VisualStudioVersion = 15.0.26228.4
MinimumVisualStudioVersion = 10.0.40219.1
Project("{FAE04EC0-301F-11D3-BF4B-00C04F79EFBC}") = "ASCOM.K8056.Switch", "ASCOM.K8056.Switch\ASCOM.K8056.Switch.csproj", "{ED0FE6AA-E1E5-4D21-9B5E-802D50EDCCE1}"
EndProject
Project("{930C7802-8A8C-48F9-8165-68863BCCD9DD}") = "ASCOM.K8056.Switch.Setup", "ASCOM.K8056.Switch.Setup\ASCOM.K8056.Switch.Setup.wixproj", "{B847A048-C924-4134-BD60-C111B0D37C8B}"
EndProject
Project("{FAE04EC0-301F-11D3-BF4B-00C04F79EFBC}") = "ASCOM.K8056.Switch.Specifications", "ASCOM.K8056.Switch.Specifications\ASCOM.K8056.Switch.Specifications.csproj", "{C006703F-2193-481D-AA15-F46D2FB2A21B}"
EndProject
Project("{FAE04EC0-301F-11D3-BF4B-00C04F79EFBC}") = "TA.VellemanK8056.DeviceInterface", "TA.VellemanK8056.DeviceInterface\TA.VellemanK8056.DeviceInterface.csproj", "{3015F05F-D747-4C3E-A0D4-EC2B3BD76C56}"
EndProject
Project("{2150E333-8FDC-42A3-9474-1A3956D46DE8}") = "Solution Items", "Solution Items", "{2D092DBD-5AD5-45B1-8812-B87C3951FAE5}"
	ProjectSection(SolutionItems) = preProject
		.gitignore = .gitignore
		ASCOM.K8056.Switch.pssln = ASCOM.K8056.Switch.pssln
		GlobalAssemblyInfo.cs = GlobalAssemblyInfo.cs
	EndProjectSection
EndProject
Project("{F088123C-0E9E-452A-89E6-6BA2F21D5CAC}") = "ArchitectureRules", "ArchitectureRules\ArchitectureRules.modelproj", "{E2E711A1-5DC5-438F-8D11-418BDFBE69A0}"
EndProject
Project("{FAE04EC0-301F-11D3-BF4B-00C04F79EFBC}") = "TA.VellemanK8056.Server", "TA.VellemanK8056.Server\TA.VellemanK8056.Server.csproj", "{3689A2CB-94C5-4012-A5CF-7E7D1DD27143}"
EndProject
Project("{FAE04EC0-301F-11D3-BF4B-00C04F79EFBC}") = "TA.PostSharp.Aspects", "TA.PostSharp.Aspects\TA.PostSharp.Aspects.csproj", "{9CDCF319-DADC-41EB-B787-DE3862017E95}"
EndProject
Global
	GlobalSection(SolutionConfigurationPlatforms) = preSolution
		Debug|x64 = Debug|x64
		Debug|x86 = Debug|x86
		Release|x64 = Release|x64
		Release|x86 = Release|x86
	EndGlobalSection
	GlobalSection(ProjectConfigurationPlatforms) = postSolution
		{ED0FE6AA-E1E5-4D21-9B5E-802D50EDCCE1}.Debug|x64.ActiveCfg = Debug|Any CPU
		{ED0FE6AA-E1E5-4D21-9B5E-802D50EDCCE1}.Debug|x64.Build.0 = Debug|Any CPU
		{ED0FE6AA-E1E5-4D21-9B5E-802D50EDCCE1}.Debug|x86.ActiveCfg = Debug|Any CPU
		{ED0FE6AA-E1E5-4D21-9B5E-802D50EDCCE1}.Debug|x86.Build.0 = Debug|Any CPU
		{ED0FE6AA-E1E5-4D21-9B5E-802D50EDCCE1}.Release|x64.ActiveCfg = Release|Any CPU
		{ED0FE6AA-E1E5-4D21-9B5E-802D50EDCCE1}.Release|x64.Build.0 = Release|Any CPU
		{ED0FE6AA-E1E5-4D21-9B5E-802D50EDCCE1}.Release|x86.ActiveCfg = Release|Any CPU
		{ED0FE6AA-E1E5-4D21-9B5E-802D50EDCCE1}.Release|x86.Build.0 = Release|Any CPU
		{B847A048-C924-4134-BD60-C111B0D37C8B}.Debug|x64.ActiveCfg = Debug|x64
		{B847A048-C924-4134-BD60-C111B0D37C8B}.Debug|x64.Build.0 = Debug|x64
		{B847A048-C924-4134-BD60-C111B0D37C8B}.Debug|x86.ActiveCfg = Debug|x86
		{B847A048-C924-4134-BD60-C111B0D37C8B}.Debug|x86.Build.0 = Debug|x86
		{B847A048-C924-4134-BD60-C111B0D37C8B}.Release|x64.ActiveCfg = Release|x64
		{B847A048-C924-4134-BD60-C111B0D37C8B}.Release|x64.Build.0 = Release|x64
		{B847A048-C924-4134-BD60-C111B0D37C8B}.Release|x86.ActiveCfg = Release|x86
		{B847A048-C924-4134-BD60-C111B0D37C8B}.Release|x86.Build.0 = Release|x86
		{C006703F-2193-481D-AA15-F46D2FB2A21B}.Debug|x64.ActiveCfg = Debug|Any CPU
		{C006703F-2193-481D-AA15-F46D2FB2A21B}.Debug|x64.Build.0 = Debug|Any CPU
		{C006703F-2193-481D-AA15-F46D2FB2A21B}.Debug|x86.ActiveCfg = Debug|Any CPU
		{C006703F-2193-481D-AA15-F46D2FB2A21B}.Debug|x86.Build.0 = Debug|Any CPU
		{C006703F-2193-481D-AA15-F46D2FB2A21B}.Release|x64.ActiveCfg = Release|Any CPU
		{C006703F-2193-481D-AA15-F46D2FB2A21B}.Release|x64.Build.0 = Release|Any CPU
		{C006703F-2193-481D-AA15-F46D2FB2A21B}.Release|x86.ActiveCfg = Release|Any CPU
		{C006703F-2193-481D-AA15-F46D2FB2A21B}.Release|x86.Build.0 = Release|Any CPU
		{3015F05F-D747-4C3E-A0D4-EC2B3BD76C56}.Debug|x64.ActiveCfg = Debug|Any CPU
		{3015F05F-D747-4C3E-A0D4-EC2B3BD76C56}.Debug|x64.Build.0 = Debug|Any CPU
		{3015F05F-D747-4C3E-A0D4-EC2B3BD76C56}.Debug|x86.ActiveCfg = Debug|Any CPU
		{3015F05F-D747-4C3E-A0D4-EC2B3BD76C56}.Debug|x86.Build.0 = Debug|Any CPU
		{3015F05F-D747-4C3E-A0D4-EC2B3BD76C56}.Release|x64.ActiveCfg = Release|Any CPU
		{3015F05F-D747-4C3E-A0D4-EC2B3BD76C56}.Release|x64.Build.0 = Release|Any CPU
		{3015F05F-D747-4C3E-A0D4-EC2B3BD76C56}.Release|x86.ActiveCfg = Release|Any CPU
		{3015F05F-D747-4C3E-A0D4-EC2B3BD76C56}.Release|x86.Build.0 = Release|Any CPU
		{E2E711A1-5DC5-438F-8D11-418BDFBE69A0}.Debug|x64.ActiveCfg = Debug|Any CPU
		{E2E711A1-5DC5-438F-8D11-418BDFBE69A0}.Debug|x64.Build.0 = Debug|Any CPU
		{E2E711A1-5DC5-438F-8D11-418BDFBE69A0}.Debug|x86.ActiveCfg = Debug|Any CPU
		{E2E711A1-5DC5-438F-8D11-418BDFBE69A0}.Debug|x86.Build.0 = Debug|Any CPU
		{E2E711A1-5DC5-438F-8D11-418BDFBE69A0}.Release|x64.ActiveCfg = Release|Any CPU
		{E2E711A1-5DC5-438F-8D11-418BDFBE69A0}.Release|x64.Build.0 = Release|Any CPU
		{E2E711A1-5DC5-438F-8D11-418BDFBE69A0}.Release|x86.ActiveCfg = Release|Any CPU
		{E2E711A1-5DC5-438F-8D11-418BDFBE69A0}.Release|x86.Build.0 = Release|Any CPU
		{3689A2CB-94C5-4012-A5CF-7E7D1DD27143}.Debug|x64.ActiveCfg = Debug|Any CPU
		{3689A2CB-94C5-4012-A5CF-7E7D1DD27143}.Debug|x64.Build.0 = Debug|Any CPU
		{3689A2CB-94C5-4012-A5CF-7E7D1DD27143}.Debug|x86.ActiveCfg = Debug|Any CPU
		{3689A2CB-94C5-4012-A5CF-7E7D1DD27143}.Debug|x86.Build.0 = Debug|Any CPU
		{3689A2CB-94C5-4012-A5CF-7E7D1DD27143}.Release|x64.ActiveCfg = Release|Any CPU
		{3689A2CB-94C5-4012-A5CF-7E7D1DD27143}.Release|x64.Build.0 = Release|Any CPU
		{3689A2CB-94C5-4012-A5CF-7E7D1DD27143}.Release|x86.ActiveCfg = Release|Any CPU
		{3689A2CB-94C5-4012-A5CF-7E7D1DD27143}.Release|x86.Build.0 = Release|Any CPU
		{9CDCF319-DADC-41EB-B787-DE3862017E95}.Debug|x64.ActiveCfg = Debug|Any CPU
		{9CDCF319-DADC-41EB-B787-DE3862017E95}.Debug|x64.Build.0 = Debug|Any CPU
		{9CDCF319-DADC-41EB-B787-DE3862017E95}.Debug|x86.ActiveCfg = Debug|Any CPU
		{9CDCF319-DADC-41EB-B787-DE3862017E95}.Debug|x86.Build.0 = Debug|Any CPU
		{9CDCF319-DADC-41EB-B787-DE3862017E95}.Release|x64.ActiveCfg = Release|Any CPU
		{9CDCF319-DADC-41EB-B787-DE3862017E95}.Release|x64.Build.0 = Release|Any CPU
		{9CDCF319-DADC-41EB-B787-DE3862017E95}.Release|x86.ActiveCfg = Release|Any CPU
		{9CDCF319-DADC-41EB-B787-DE3862017E95}.Release|x86.Build.0 = Release|Any CPU
	EndGlobalSection
	GlobalSection(SolutionProperties) = preSolution
		HideSolutionNode = FALSE
	EndGlobalSection
EndGlobal
